
Microsoft Visual Studio Solution File, Format Version 12.00
# Visual Studio Version 17
VisualStudioVersion = 17.0.31903.59
MinimumVisualStudioVersion = 10.0.40219.1
Project("{FAE04EC0-301F-11D3-BF4B-00C04F79EFBC}") = "SQLiteNET.Opfs.Demo", "SQLiteNET.Opfs.Demo\SQLiteNET.Opfs.Demo.csproj", "{85EFC728-6061-4578-9201-F72F6E65B44F}"
EndProject
Project("{FAE04EC0-301F-11D3-BF4B-00C04F79EFBC}") = "SqliteWasm.Data", "SqliteWasm.Data\SqliteWasm.Data.csproj", "{794FB18F-35F9-498C-ADE7-AEBC825465F3}"
EndProject
Project("{FAE04EC0-301F-11D3-BF4B-00C04F79EFBC}") = "SqliteWasm.Data.Tests", "SqliteWasm.Data.Tests\SqliteWasm.Data.Tests.csproj", "{EE62534E-BC1B-44BB-A290-6EA0E9B5949B}"
EndProject
Project("{FAE04EC0-301F-11D3-BF4B-00C04F79EFBC}") = "SQLiteNET.Opfs.TestHost", "SQLiteNET.Opfs.TestHost\SQLiteNET.Opfs.TestHost.csproj", "{B92C2EFB-6A1B-4C99-82F5-E3F210F376E7}"
EndProject
Project("{FAE04EC0-301F-11D3-BF4B-00C04F79EFBC}") = "SQLiteNET.Opfs.TestApp", "SQLiteNET.Opfs.TestApp\SQLiteNET.Opfs.TestApp.csproj", "{E54BBDED-664E-4FE5-B959-472363425FD4}"
EndProject
Global
	GlobalSection(SolutionConfigurationPlatforms) = preSolution
		Debug|Any CPU = Debug|Any CPU
		Debug|x64 = Debug|x64
		Debug|x86 = Debug|x86
		Release|Any CPU = Release|Any CPU
		Release|x64 = Release|x64
		Release|x86 = Release|x86
	EndGlobalSection
	GlobalSection(ProjectConfigurationPlatforms) = postSolution
		{85EFC728-6061-4578-9201-F72F6E65B44F}.Debug|Any CPU.ActiveCfg = Debug|Any CPU
		{85EFC728-6061-4578-9201-F72F6E65B44F}.Debug|Any CPU.Build.0 = Debug|Any CPU
		{85EFC728-6061-4578-9201-F72F6E65B44F}.Debug|x64.ActiveCfg = Debug|Any CPU
		{85EFC728-6061-4578-9201-F72F6E65B44F}.Debug|x64.Build.0 = Debug|Any CPU
		{85EFC728-6061-4578-9201-F72F6E65B44F}.Debug|x86.ActiveCfg = Debug|Any CPU
		{85EFC728-6061-4578-9201-F72F6E65B44F}.Debug|x86.Build.0 = Debug|Any CPU
		{85EFC728-6061-4578-9201-F72F6E65B44F}.Release|Any CPU.ActiveCfg = Release|Any CPU
		{85EFC728-6061-4578-9201-F72F6E65B44F}.Release|Any CPU.Build.0 = Release|Any CPU
		{85EFC728-6061-4578-9201-F72F6E65B44F}.Release|x64.ActiveCfg = Release|Any CPU
		{85EFC728-6061-4578-9201-F72F6E65B44F}.Release|x64.Build.0 = Release|Any CPU
		{85EFC728-6061-4578-9201-F72F6E65B44F}.Release|x86.ActiveCfg = Release|Any CPU
		{85EFC728-6061-4578-9201-F72F6E65B44F}.Release|x86.Build.0 = Release|Any CPU
		{794FB18F-35F9-498C-ADE7-AEBC825465F3}.Debug|Any CPU.ActiveCfg = Debug|Any CPU
		{794FB18F-35F9-498C-ADE7-AEBC825465F3}.Debug|Any CPU.Build.0 = Debug|Any CPU
		{794FB18F-35F9-498C-ADE7-AEBC825465F3}.Debug|x64.ActiveCfg = Debug|Any CPU
		{794FB18F-35F9-498C-ADE7-AEBC825465F3}.Debug|x64.Build.0 = Debug|Any CPU
		{794FB18F-35F9-498C-ADE7-AEBC825465F3}.Debug|x86.ActiveCfg = Debug|Any CPU
		{794FB18F-35F9-498C-ADE7-AEBC825465F3}.Debug|x86.Build.0 = Debug|Any CPU
		{794FB18F-35F9-498C-ADE7-AEBC825465F3}.Release|Any CPU.ActiveCfg = Release|Any CPU
		{794FB18F-35F9-498C-ADE7-AEBC825465F3}.Release|Any CPU.Build.0 = Release|Any CPU
		{794FB18F-35F9-498C-ADE7-AEBC825465F3}.Release|x64.ActiveCfg = Release|Any CPU
		{794FB18F-35F9-498C-ADE7-AEBC825465F3}.Release|x64.Build.0 = Release|Any CPU
		{794FB18F-35F9-498C-ADE7-AEBC825465F3}.Release|x86.ActiveCfg = Release|Any CPU
		{794FB18F-35F9-498C-ADE7-AEBC825465F3}.Release|x86.Build.0 = Release|Any CPU
		{EE62534E-BC1B-44BB-A290-6EA0E9B5949B}.Debug|Any CPU.ActiveCfg = Debug|Any CPU
		{EE62534E-BC1B-44BB-A290-6EA0E9B5949B}.Debug|Any CPU.Build.0 = Debug|Any CPU
		{EE62534E-BC1B-44BB-A290-6EA0E9B5949B}.Debug|x64.ActiveCfg = Debug|Any CPU
		{EE62534E-BC1B-44BB-A290-6EA0E9B5949B}.Debug|x64.Build.0 = Debug|Any CPU
		{EE62534E-BC1B-44BB-A290-6EA0E9B5949B}.Debug|x86.ActiveCfg = Debug|Any CPU
		{EE62534E-BC1B-44BB-A290-6EA0E9B5949B}.Debug|x86.Build.0 = Debug|Any CPU
		{EE62534E-BC1B-44BB-A290-6EA0E9B5949B}.Release|Any CPU.ActiveCfg = Release|Any CPU
		{EE62534E-BC1B-44BB-A290-6EA0E9B5949B}.Release|Any CPU.Build.0 = Release|Any CPU
		{EE62534E-BC1B-44BB-A290-6EA0E9B5949B}.Release|x64.ActiveCfg = Release|Any CPU
		{EE62534E-BC1B-44BB-A290-6EA0E9B5949B}.Release|x64.Build.0 = Release|Any CPU
		{EE62534E-BC1B-44BB-A290-6EA0E9B5949B}.Release|x86.ActiveCfg = Release|Any CPU
		{EE62534E-BC1B-44BB-A290-6EA0E9B5949B}.Release|x86.Build.0 = Release|Any CPU
		{B92C2EFB-6A1B-4C99-82F5-E3F210F376E7}.Debug|Any CPU.ActiveCfg = Debug|Any CPU
		{B92C2EFB-6A1B-4C99-82F5-E3F210F376E7}.Debug|Any CPU.Build.0 = Debug|Any CPU
		{B92C2EFB-6A1B-4C99-82F5-E3F210F376E7}.Debug|x64.ActiveCfg = Debug|Any CPU
		{B92C2EFB-6A1B-4C99-82F5-E3F210F376E7}.Debug|x64.Build.0 = Debug|Any CPU
		{B92C2EFB-6A1B-4C99-82F5-E3F210F376E7}.Debug|x86.ActiveCfg = Debug|Any CPU
		{B92C2EFB-6A1B-4C99-82F5-E3F210F376E7}.Debug|x86.Build.0 = Debug|Any CPU
		{B92C2EFB-6A1B-4C99-82F5-E3F210F376E7}.Release|Any CPU.ActiveCfg = Release|Any CPU
		{B92C2EFB-6A1B-4C99-82F5-E3F210F376E7}.Release|Any CPU.Build.0 = Release|Any CPU
		{B92C2EFB-6A1B-4C99-82F5-E3F210F376E7}.Release|x64.ActiveCfg = Release|Any CPU
		{B92C2EFB-6A1B-4C99-82F5-E3F210F376E7}.Release|x64.Build.0 = Release|Any CPU
		{B92C2EFB-6A1B-4C99-82F5-E3F210F376E7}.Release|x86.ActiveCfg = Release|Any CPU
		{B92C2EFB-6A1B-4C99-82F5-E3F210F376E7}.Release|x86.Build.0 = Release|Any CPU
		{E54BBDED-664E-4FE5-B959-472363425FD4}.Debug|Any CPU.ActiveCfg = Debug|Any CPU
		{E54BBDED-664E-4FE5-B959-472363425FD4}.Debug|Any CPU.Build.0 = Debug|Any CPU
		{E54BBDED-664E-4FE5-B959-472363425FD4}.Debug|x64.ActiveCfg = Debug|Any CPU
		{E54BBDED-664E-4FE5-B959-472363425FD4}.Debug|x64.Build.0 = Debug|Any CPU
		{E54BBDED-664E-4FE5-B959-472363425FD4}.Debug|x86.ActiveCfg = Debug|Any CPU
		{E54BBDED-664E-4FE5-B959-472363425FD4}.Debug|x86.Build.0 = Debug|Any CPU
		{E54BBDED-664E-4FE5-B959-472363425FD4}.Release|Any CPU.ActiveCfg = Release|Any CPU
		{E54BBDED-664E-4FE5-B959-472363425FD4}.Release|Any CPU.Build.0 = Release|Any CPU
		{E54BBDED-664E-4FE5-B959-472363425FD4}.Release|x64.ActiveCfg = Release|Any CPU
		{E54BBDED-664E-4FE5-B959-472363425FD4}.Release|x64.Build.0 = Release|Any CPU
		{E54BBDED-664E-4FE5-B959-472363425FD4}.Release|x86.ActiveCfg = Release|Any CPU
		{E54BBDED-664E-4FE5-B959-472363425FD4}.Release|x86.Build.0 = Release|Any CPU
	EndGlobalSection
	GlobalSection(SolutionProperties) = preSolution
		HideSolutionNode = FALSE
	EndGlobalSection
EndGlobal
